<?xml version="1.0" encoding="utf-8"?>
<Project ToolsVersion="4.0" xmlns="http://schemas.microsoft.com/developer/msbuild/2003">
  <ItemGroup>
    <Filter Include="Source Files">
      <UniqueIdentifier>{4FC737F1-C7A5-4376-A066-2A32D752A2FF}</UniqueIdentifier>
      <Extensions>cpp;c;cc;cxx;c++;cppm;ixx;def;odl;idl;hpj;bat;asm;asmx</Extensions>
    </Filter>
    <Filter Include="Header Files">
      <UniqueIdentifier>{93995380-89BD-4b04-88EB-625FBE52EBFB}</UniqueIdentifier>
      <Extensions>h;hh;hpp;hxx;h++;hm;inl;inc;ipp;xsd</Extensions>
    </Filter>
    <Filter Include="Resource Files">
      <UniqueIdentifier>{67DA6AB6-F800-4c08-8B7A-83BB121AAD01}</UniqueIdentifier>
      <Extensions>rc;ico;cur;bmp;dlg;rc2;rct;bin;rgs;gif;jpg;jpeg;jpe;resx;tiff;tif;png;wav;mfcribbon-ms</Extensions>
    </Filter>
    <Filter Include="Resource Files\MapSprites">
      <UniqueIdentifier>{d8f7e85c-f036-436b-9d38-e52344d45cae}</UniqueIdentifier>
    </Filter>
    <Filter Include="Header Files\Scenes">
      <UniqueIdentifier>{89d26b13-c659-4216-9b41-91b3eab5aa0c}</UniqueIdentifier>
    </Filter>
    <Filter Include="Source Files\Scenes">
      <UniqueIdentifier>{b4fd679e-0d78-4412-b23c-7379f1f98bd4}</UniqueIdentifier>
    </Filter>
    <Filter Include="Header Files\Birds">
      <UniqueIdentifier>{ceb6c0ed-d063-4fa2-bcb5-e394e496ee14}</UniqueIdentifier>
    </Filter>
    <Filter Include="Source Files\Birds">
      <UniqueIdentifier>{b2899bd8-33fc-459a-90aa-c3204e966a82}</UniqueIdentifier>
    </Filter>
    <Filter Include="Resource Files\BirdSprites">
      <UniqueIdentifier>{e6cb6669-9b28-4fd6-a37e-2ecbc4d75ba7}</UniqueIdentifier>
    </Filter>
  </ItemGroup>
  <ItemGroup>
    <ClCompile Include="Source.cpp">
      <Filter>Source Files</Filter>
    </ClCompile>
    <ClCompile Include="GameManager.cpp">
      <Filter>Source Files</Filter>
    </ClCompile>
    <ClCompile Include="GameObject.cpp">
      <Filter>Source Files</Filter>
    </ClCompile>
    <ClCompile Include="Textures.cpp">
      <Filter>Source Files</Filter>
    </ClCompile>
    <ClCompile Include="ExampleScene.cpp">
      <Filter>Source Files\Scenes</Filter>
    </ClCompile>
    <ClCompile Include="Scene.cpp">
      <Filter>Source Files\Scenes</Filter>
    </ClCompile>
    <ClCompile Include="Bird.cpp">
      <Filter>Source Files\Birds</Filter>
    </ClCompile>
    <ClCompile Include="Globals.cpp">
      <Filter>Source Files</Filter>
    </ClCompile>
    <ClCompile Include="ContactListener.cpp">
      <Filter>Source Files</Filter>
    </ClCompile>
    <ClCompile Include="Destructable.cpp">
      <Filter>Source Files</Filter>
    </ClCompile>
    <ClCompile Include="ObjectMaker.cpp">
      <Filter>Source Files</Filter>
    </ClCompile>
    <ClCompile Include="YellowBird.cpp">
      <Filter>Source Files\Birds</Filter>
    </ClCompile>
    <ClCompile Include="Seesaw.cpp">
      <Filter>Source Files</Filter>
    </ClCompile>
    <ClCompile Include="Pig.cpp">
      <Filter>Source Files</Filter>
    </ClCompile>
  </ItemGroup>
  <ItemGroup>
    <ClInclude Include="GameManager.h">
      <Filter>Header Files</Filter>
    </ClInclude>
    <ClInclude Include="GameObject.h">
      <Filter>Header Files</Filter>
    </ClInclude>
    <ClInclude Include="Textures.h">
      <Filter>Header Files</Filter>
    </ClInclude>
    <ClInclude Include="Scene.h">
      <Filter>Header Files\Scenes</Filter>
    </ClInclude>
    <ClInclude Include="ExampleScene.h">
      <Filter>Header Files\Scenes</Filter>
    </ClInclude>
    <ClInclude Include="Bird.h">
      <Filter>Header Files\Birds</Filter>
    </ClInclude>
    <ClInclude Include="Globals.h">
      <Filter>Header Files</Filter>
    </ClInclude>
    <ClInclude Include="ContactListener.h">
      <Filter>Header Files</Filter>
    </ClInclude>
    <ClInclude Include="Destructable.h">
      <Filter>Header Files</Filter>
    </ClInclude>
    <ClInclude Include="ObjectMaker.h">
      <Filter>Header Files</Filter>
    </ClInclude>
    <ClInclude Include="YellowBird.h">
      <Filter>Header Files\Birds</Filter>
    </ClInclude>
    <ClInclude Include="Seesaw.h">
      <Filter>Header Files</Filter>
    </ClInclude>
    <ClInclude Include="Pig.h">
      <Filter>Header Files</Filter>
    </ClInclude>
  </ItemGroup>
  <ItemGroup>
    <Image Include="Resources\MapSprites\ANGRY_BIRDS_RIO_INGAME_BLOCKS_WOOD_1.png">
      <Filter>Resource Files\MapSprites</Filter>
    </Image>
  </ItemGroup>
</Project>